
Microsoft Visual Studio Solution File, Format Version 11.00
# Visual Studio 2010
Project("{FAE04EC0-301F-11D3-BF4B-00C04F79EFBC}") = "Assembly-CSharp-firstpass", "Assembly-CSharp-firstpass.csproj", "{4a55c688-caf1-dbf4-a281-dfce5a82b232}"
EndProject
Project("{FAE04EC0-301F-11D3-BF4B-00C04F79EFBC}") = "Assembly-CSharp", "Assembly-CSharp.csproj", "{5093e9e2-c78a-ca3a-1d40-573722f544d0}"
EndProject
Project("{FAE04EC0-301F-11D3-BF4B-00C04F79EFBC}") = "Assembly-CSharp-Editor", "Assembly-CSharp-Editor.csproj", "{49b6c35f-a457-f9b0-6723-3e95df1553a0}"
EndProject
Project("{FAE04EC0-301F-11D3-BF4B-00C04F79EFBC}") = "Tests", "Tests.csproj", "{320a2039-5ffd-5d2c-8ad9-f2f43b480efa}"
EndProject
Global
	GlobalSection(SolutionConfigurationPlatforms) = preSolution
		Debug|Any CPU = Debug|Any CPU
		Release|Any CPU = Release|Any CPU
	EndGlobalSection
	GlobalSection(ProjectConfigurationPlatforms) = postSolution
		{4a55c688-caf1-dbf4-a281-dfce5a82b232}.Debug|Any CPU.ActiveCfg = Debug|Any CPU
		{4a55c688-caf1-dbf4-a281-dfce5a82b232}.Debug|Any CPU.Build.0 = Debug|Any CPU
		{4a55c688-caf1-dbf4-a281-dfce5a82b232}.Release|Any CPU.ActiveCfg = Release|Any CPU
		{4a55c688-caf1-dbf4-a281-dfce5a82b232}.Release|Any CPU.Build.0 = Release|Any CPU
		{5093e9e2-c78a-ca3a-1d40-573722f544d0}.Debug|Any CPU.ActiveCfg = Debug|Any CPU
		{5093e9e2-c78a-ca3a-1d40-573722f544d0}.Debug|Any CPU.Build.0 = Debug|Any CPU
		{5093e9e2-c78a-ca3a-1d40-573722f544d0}.Release|Any CPU.ActiveCfg = Release|Any CPU
		{5093e9e2-c78a-ca3a-1d40-573722f544d0}.Release|Any CPU.Build.0 = Release|Any CPU
		{49b6c35f-a457-f9b0-6723-3e95df1553a0}.Debug|Any CPU.ActiveCfg = Debug|Any CPU
		{49b6c35f-a457-f9b0-6723-3e95df1553a0}.Debug|Any CPU.Build.0 = Debug|Any CPU
		{49b6c35f-a457-f9b0-6723-3e95df1553a0}.Release|Any CPU.ActiveCfg = Release|Any CPU
		{49b6c35f-a457-f9b0-6723-3e95df1553a0}.Release|Any CPU.Build.0 = Release|Any CPU
		{320a2039-5ffd-5d2c-8ad9-f2f43b480efa}.Debug|Any CPU.ActiveCfg = Debug|Any CPU
		{320a2039-5ffd-5d2c-8ad9-f2f43b480efa}.Debug|Any CPU.Build.0 = Debug|Any CPU
		{320a2039-5ffd-5d2c-8ad9-f2f43b480efa}.Release|Any CPU.ActiveCfg = Release|Any CPU
		{320a2039-5ffd-5d2c-8ad9-f2f43b480efa}.Release|Any CPU.Build.0 = Release|Any CPU
	EndGlobalSection
	GlobalSection(SolutionProperties) = preSolution
		HideSolutionNode = FALSE
	EndGlobalSection
EndGlobal
